
Microsoft Visual Studio Solution File, Format Version 12.00
# Visual Studio Version 16
VisualStudioVersion = 16.0.31205.134
MinimumVisualStudioVersion = 10.0.40219.1
Project("{FAE04EC0-301F-11D3-BF4B-00C04F79EFBC}") = "one-money-web-server", "one-money-web-server\one-money-web-server.csproj", "{860FB9BA-E859-4EC1-8047-8DD42F036451}"
EndProject
Global
	GlobalSection(SolutionConfigurationPlatforms) = preSolution
		Debug|Any CPU = Debug|Any CPU
		Release|Any CPU = Release|Any CPU
	EndGlobalSection
	GlobalSection(ProjectConfigurationPlatforms) = postSolution
		{860FB9BA-E859-4EC1-8047-8DD42F036451}.Debug|Any CPU.ActiveCfg = Debug|Any CPU
		{860FB9BA-E859-4EC1-8047-8DD42F036451}.Debug|Any CPU.Build.0 = Debug|Any CPU
		{860FB9BA-E859-4EC1-8047-8DD42F036451}.Release|Any CPU.ActiveCfg = Release|Any CPU
		{860FB9BA-E859-4EC1-8047-8DD42F036451}.Release|Any CPU.Build.0 = Release|Any CPU
	EndGlobalSection
	GlobalSection(SolutionProperties) = preSolution
		HideSolutionNode = FALSE
	EndGlobalSection
	GlobalSection(ExtensibilityGlobals) = postSolution
		SolutionGuid = {03EE3E87-03FD-4095-A413-D9E7ED710696}
	EndGlobalSection
EndGlobal
