
Microsoft Visual Studio Solution File, Format Version 12.00
# Visual Studio Version 17
VisualStudioVersion = 17.4.33205.214
MinimumVisualStudioVersion = 10.0.40219.1
Project("{9A19103F-16F7-4668-BE54-9A1E7A4F7556}") = "Web-API", "Web-API\Web-API.csproj", "{860FB9BA-E859-4EC1-8047-8DD42F036451}"
EndProject
Project("{FAE04EC0-301F-11D3-BF4B-00C04F79EFBC}") = "Identity.API", "Identity.API\Identity.API.csproj", "{B5BB4B3A-AFA6-4450-84D9-1A9782F3A8D6}"
EndProject
Project("{FAE04EC0-301F-11D3-BF4B-00C04F79EFBC}") = "Integration.API", "Integration.API\Integration.API.csproj", "{9A6558F0-0CE8-4ABB-9530-7CA8BF4E7F2C}"
EndProject
Project("{FAE04EC0-301F-11D3-BF4B-00C04F79EFBC}") = "Statistics.API", "Statistics.API\Statistics.API.csproj", "{CA8EA5F3-A25E-4F6E-8625-65E735C709A6}"
EndProject
Project("{FAE04EC0-301F-11D3-BF4B-00C04F79EFBC}") = "Transactions.API", "Transactions.API\Transactions.API.csproj", "{301A8143-567B-4BA9-9167-60BB0E23794D}"
EndProject
Project("{FAE04EC0-301F-11D3-BF4B-00C04F79EFBC}") = "Finances.API", "Finances.API\Finances.API.csproj", "{AD087C6F-7A57-40A8-90BC-4BCFB2CB31C7}"
EndProject
Project("{2150E333-8FDC-42A3-9474-1A3956D46DE8}") = "Services", "Services", "{87C7C31F-B504-427D-940D-88BC8C32727D}"
EndProject
Project("{2150E333-8FDC-42A3-9474-1A3956D46DE8}") = "Identity", "Identity", "{79C3D395-4865-4AD4-85D6-46F88F3DED9D}"
EndProject
Project("{2150E333-8FDC-42A3-9474-1A3956D46DE8}") = "Finances", "Finances", "{0DA5C589-BC75-4BAB-946E-AC74174D6626}"
EndProject
Project("{2150E333-8FDC-42A3-9474-1A3956D46DE8}") = "Transactions", "Transactions", "{9FC1D240-9D3A-49A2-88BE-355142A40E7F}"
EndProject
Project("{2150E333-8FDC-42A3-9474-1A3956D46DE8}") = "Integrations", "Integrations", "{E3FD6951-D402-4838-9A61-87E64A4B5D2C}"
EndProject
Project("{2150E333-8FDC-42A3-9474-1A3956D46DE8}") = "Statistics", "Statistics", "{D67214E9-765D-49B4-BC42-22C1835CA8AA}"
EndProject
Project("{2150E333-8FDC-42A3-9474-1A3956D46DE8}") = "Common", "Common", "{45E61512-3DC7-48CC-8A7F-6C55866679C1}"
EndProject
Project("{FAE04EC0-301F-11D3-BF4B-00C04F79EFBC}") = "Finances.Domain", "Finances.Domain\Finances.Domain.csproj", "{F645C7B0-B26F-46E3-98D9-D3F638D0809A}"
EndProject
Project("{FAE04EC0-301F-11D3-BF4B-00C04F79EFBC}") = "Finances.Application", "Finances.Application\Finances.Application.csproj", "{F1B32D21-7F79-4D14-A487-A9E4B7503A46}"
EndProject
Project("{FAE04EC0-301F-11D3-BF4B-00C04F79EFBC}") = "Finances.Infrastructure", "Finances.Infrastructure\Finances.Infrastructure.csproj", "{C088606A-CC77-4F85-B8EC-13A9A2B9738D}"
EndProject
Project("{FAE04EC0-301F-11D3-BF4B-00C04F79EFBC}") = "Transactions.Domain", "Transactions.Domain\Transactions.Domain.csproj", "{112D6249-1EEF-4FDA-A6B8-A303D417F23A}"
EndProject
Project("{FAE04EC0-301F-11D3-BF4B-00C04F79EFBC}") = "Transactions.Application", "Transactions.Application\Transactions.Application.csproj", "{35F4E1B4-37FE-49BC-B0A1-E8FA339997DF}"
EndProject
Project("{FAE04EC0-301F-11D3-BF4B-00C04F79EFBC}") = "Transactions.Infrastructure", "Transactions.Infrastructure\Transactions.Infrastructure.csproj", "{95CDB53A-8F54-4328-B62B-D2710BFA569B}"
EndProject
Project("{2150E333-8FDC-42A3-9474-1A3956D46DE8}") = "Tests", "Tests", "{7614442E-6925-4DD6-8611-8E536E2D2FFE}"
EndProject
Project("{FAE04EC0-301F-11D3-BF4B-00C04F79EFBC}") = "Finances.UnitTests", "Finances.UnitTests\Finances.UnitTests.csproj", "{CC1AD998-AFEF-458D-8676-3261DFA7562F}"
EndProject
Project("{FAE04EC0-301F-11D3-BF4B-00C04F79EFBC}") = "OneMoney.Common", "OneMoney.Common\OneMoney.Common.csproj", "{077905C7-0162-4CA4-81BC-6863BE201030}"
EndProject
Project("{FAE04EC0-301F-11D3-BF4B-00C04F79EFBC}") = "Common.UnitTests", "Common.UnitTests\Common.UnitTests.csproj", "{34CD21F4-8B8E-4435-BE27-B52ACC92503C}"
EndProject
Global
	GlobalSection(SolutionConfigurationPlatforms) = preSolution
		Debug|Any CPU = Debug|Any CPU
		Release|Any CPU = Release|Any CPU
	EndGlobalSection
	GlobalSection(ProjectConfigurationPlatforms) = postSolution
		{860FB9BA-E859-4EC1-8047-8DD42F036451}.Debug|Any CPU.ActiveCfg = Debug|Any CPU
		{860FB9BA-E859-4EC1-8047-8DD42F036451}.Debug|Any CPU.Build.0 = Debug|Any CPU
		{860FB9BA-E859-4EC1-8047-8DD42F036451}.Release|Any CPU.ActiveCfg = Release|Any CPU
		{860FB9BA-E859-4EC1-8047-8DD42F036451}.Release|Any CPU.Build.0 = Release|Any CPU
		{B5BB4B3A-AFA6-4450-84D9-1A9782F3A8D6}.Debug|Any CPU.ActiveCfg = Debug|Any CPU
		{B5BB4B3A-AFA6-4450-84D9-1A9782F3A8D6}.Debug|Any CPU.Build.0 = Debug|Any CPU
		{B5BB4B3A-AFA6-4450-84D9-1A9782F3A8D6}.Release|Any CPU.ActiveCfg = Release|Any CPU
		{B5BB4B3A-AFA6-4450-84D9-1A9782F3A8D6}.Release|Any CPU.Build.0 = Release|Any CPU
		{9A6558F0-0CE8-4ABB-9530-7CA8BF4E7F2C}.Debug|Any CPU.ActiveCfg = Debug|Any CPU
		{9A6558F0-0CE8-4ABB-9530-7CA8BF4E7F2C}.Debug|Any CPU.Build.0 = Debug|Any CPU
		{9A6558F0-0CE8-4ABB-9530-7CA8BF4E7F2C}.Release|Any CPU.ActiveCfg = Release|Any CPU
		{9A6558F0-0CE8-4ABB-9530-7CA8BF4E7F2C}.Release|Any CPU.Build.0 = Release|Any CPU
		{CA8EA5F3-A25E-4F6E-8625-65E735C709A6}.Debug|Any CPU.ActiveCfg = Debug|Any CPU
		{CA8EA5F3-A25E-4F6E-8625-65E735C709A6}.Debug|Any CPU.Build.0 = Debug|Any CPU
		{CA8EA5F3-A25E-4F6E-8625-65E735C709A6}.Release|Any CPU.ActiveCfg = Release|Any CPU
		{CA8EA5F3-A25E-4F6E-8625-65E735C709A6}.Release|Any CPU.Build.0 = Release|Any CPU
		{301A8143-567B-4BA9-9167-60BB0E23794D}.Debug|Any CPU.ActiveCfg = Debug|Any CPU
		{301A8143-567B-4BA9-9167-60BB0E23794D}.Debug|Any CPU.Build.0 = Debug|Any CPU
		{301A8143-567B-4BA9-9167-60BB0E23794D}.Release|Any CPU.ActiveCfg = Release|Any CPU
		{301A8143-567B-4BA9-9167-60BB0E23794D}.Release|Any CPU.Build.0 = Release|Any CPU
		{AD087C6F-7A57-40A8-90BC-4BCFB2CB31C7}.Debug|Any CPU.ActiveCfg = Debug|Any CPU
		{AD087C6F-7A57-40A8-90BC-4BCFB2CB31C7}.Debug|Any CPU.Build.0 = Debug|Any CPU
		{AD087C6F-7A57-40A8-90BC-4BCFB2CB31C7}.Release|Any CPU.ActiveCfg = Release|Any CPU
		{AD087C6F-7A57-40A8-90BC-4BCFB2CB31C7}.Release|Any CPU.Build.0 = Release|Any CPU
		{F645C7B0-B26F-46E3-98D9-D3F638D0809A}.Debug|Any CPU.ActiveCfg = Debug|Any CPU
		{F645C7B0-B26F-46E3-98D9-D3F638D0809A}.Debug|Any CPU.Build.0 = Debug|Any CPU
		{F645C7B0-B26F-46E3-98D9-D3F638D0809A}.Release|Any CPU.ActiveCfg = Release|Any CPU
		{F645C7B0-B26F-46E3-98D9-D3F638D0809A}.Release|Any CPU.Build.0 = Release|Any CPU
		{F1B32D21-7F79-4D14-A487-A9E4B7503A46}.Debug|Any CPU.ActiveCfg = Debug|Any CPU
		{F1B32D21-7F79-4D14-A487-A9E4B7503A46}.Debug|Any CPU.Build.0 = Debug|Any CPU
		{F1B32D21-7F79-4D14-A487-A9E4B7503A46}.Release|Any CPU.ActiveCfg = Release|Any CPU
		{F1B32D21-7F79-4D14-A487-A9E4B7503A46}.Release|Any CPU.Build.0 = Release|Any CPU
		{C088606A-CC77-4F85-B8EC-13A9A2B9738D}.Debug|Any CPU.ActiveCfg = Debug|Any CPU
		{C088606A-CC77-4F85-B8EC-13A9A2B9738D}.Debug|Any CPU.Build.0 = Debug|Any CPU
		{C088606A-CC77-4F85-B8EC-13A9A2B9738D}.Release|Any CPU.ActiveCfg = Release|Any CPU
		{C088606A-CC77-4F85-B8EC-13A9A2B9738D}.Release|Any CPU.Build.0 = Release|Any CPU
		{112D6249-1EEF-4FDA-A6B8-A303D417F23A}.Debug|Any CPU.ActiveCfg = Debug|Any CPU
		{112D6249-1EEF-4FDA-A6B8-A303D417F23A}.Debug|Any CPU.Build.0 = Debug|Any CPU
		{112D6249-1EEF-4FDA-A6B8-A303D417F23A}.Release|Any CPU.ActiveCfg = Release|Any CPU
		{112D6249-1EEF-4FDA-A6B8-A303D417F23A}.Release|Any CPU.Build.0 = Release|Any CPU
		{35F4E1B4-37FE-49BC-B0A1-E8FA339997DF}.Debug|Any CPU.ActiveCfg = Debug|Any CPU
		{35F4E1B4-37FE-49BC-B0A1-E8FA339997DF}.Debug|Any CPU.Build.0 = Debug|Any CPU
		{35F4E1B4-37FE-49BC-B0A1-E8FA339997DF}.Release|Any CPU.ActiveCfg = Release|Any CPU
		{35F4E1B4-37FE-49BC-B0A1-E8FA339997DF}.Release|Any CPU.Build.0 = Release|Any CPU
		{95CDB53A-8F54-4328-B62B-D2710BFA569B}.Debug|Any CPU.ActiveCfg = Debug|Any CPU
		{95CDB53A-8F54-4328-B62B-D2710BFA569B}.Debug|Any CPU.Build.0 = Debug|Any CPU
		{95CDB53A-8F54-4328-B62B-D2710BFA569B}.Release|Any CPU.ActiveCfg = Release|Any CPU
		{95CDB53A-8F54-4328-B62B-D2710BFA569B}.Release|Any CPU.Build.0 = Release|Any CPU
		{CC1AD998-AFEF-458D-8676-3261DFA7562F}.Debug|Any CPU.ActiveCfg = Debug|Any CPU
		{CC1AD998-AFEF-458D-8676-3261DFA7562F}.Debug|Any CPU.Build.0 = Debug|Any CPU
		{CC1AD998-AFEF-458D-8676-3261DFA7562F}.Release|Any CPU.ActiveCfg = Release|Any CPU
		{CC1AD998-AFEF-458D-8676-3261DFA7562F}.Release|Any CPU.Build.0 = Release|Any CPU
		{077905C7-0162-4CA4-81BC-6863BE201030}.Debug|Any CPU.ActiveCfg = Debug|Any CPU
		{077905C7-0162-4CA4-81BC-6863BE201030}.Debug|Any CPU.Build.0 = Debug|Any CPU
		{077905C7-0162-4CA4-81BC-6863BE201030}.Release|Any CPU.ActiveCfg = Release|Any CPU
		{077905C7-0162-4CA4-81BC-6863BE201030}.Release|Any CPU.Build.0 = Release|Any CPU
		{34CD21F4-8B8E-4435-BE27-B52ACC92503C}.Debug|Any CPU.ActiveCfg = Debug|Any CPU
		{34CD21F4-8B8E-4435-BE27-B52ACC92503C}.Debug|Any CPU.Build.0 = Debug|Any CPU
		{34CD21F4-8B8E-4435-BE27-B52ACC92503C}.Release|Any CPU.ActiveCfg = Release|Any CPU
		{34CD21F4-8B8E-4435-BE27-B52ACC92503C}.Release|Any CPU.Build.0 = Release|Any CPU
	EndGlobalSection
	GlobalSection(SolutionProperties) = preSolution
		HideSolutionNode = FALSE
	EndGlobalSection
	GlobalSection(ExtensibilityGlobals) = postSolution
		SolutionGuid = {03EE3E87-03FD-4095-A413-D9E7ED710696}
	EndGlobalSection
	GlobalSection(NestedProjects) = preSolution
		{79C3D395-4865-4AD4-85D6-46F88F3DED9D} = {87C7C31F-B504-427D-940D-88BC8C32727D}
		{B5BB4B3A-AFA6-4450-84D9-1A9782F3A8D6} = {79C3D395-4865-4AD4-85D6-46F88F3DED9D}
		{0DA5C589-BC75-4BAB-946E-AC74174D6626} = {87C7C31F-B504-427D-940D-88BC8C32727D}
		{AD087C6F-7A57-40A8-90BC-4BCFB2CB31C7} = {0DA5C589-BC75-4BAB-946E-AC74174D6626}
		{9FC1D240-9D3A-49A2-88BE-355142A40E7F} = {87C7C31F-B504-427D-940D-88BC8C32727D}
		{301A8143-567B-4BA9-9167-60BB0E23794D} = {9FC1D240-9D3A-49A2-88BE-355142A40E7F}
		{E3FD6951-D402-4838-9A61-87E64A4B5D2C} = {87C7C31F-B504-427D-940D-88BC8C32727D}
		{9A6558F0-0CE8-4ABB-9530-7CA8BF4E7F2C} = {E3FD6951-D402-4838-9A61-87E64A4B5D2C}
		{D67214E9-765D-49B4-BC42-22C1835CA8AA} = {87C7C31F-B504-427D-940D-88BC8C32727D}
		{CA8EA5F3-A25E-4F6E-8625-65E735C709A6} = {D67214E9-765D-49B4-BC42-22C1835CA8AA}
		{45E61512-3DC7-48CC-8A7F-6C55866679C1} = {87C7C31F-B504-427D-940D-88BC8C32727D}
		{F645C7B0-B26F-46E3-98D9-D3F638D0809A} = {0DA5C589-BC75-4BAB-946E-AC74174D6626}
		{F1B32D21-7F79-4D14-A487-A9E4B7503A46} = {0DA5C589-BC75-4BAB-946E-AC74174D6626}
		{C088606A-CC77-4F85-B8EC-13A9A2B9738D} = {0DA5C589-BC75-4BAB-946E-AC74174D6626}
		{112D6249-1EEF-4FDA-A6B8-A303D417F23A} = {9FC1D240-9D3A-49A2-88BE-355142A40E7F}
		{35F4E1B4-37FE-49BC-B0A1-E8FA339997DF} = {9FC1D240-9D3A-49A2-88BE-355142A40E7F}
		{95CDB53A-8F54-4328-B62B-D2710BFA569B} = {9FC1D240-9D3A-49A2-88BE-355142A40E7F}
		{CC1AD998-AFEF-458D-8676-3261DFA7562F} = {7614442E-6925-4DD6-8611-8E536E2D2FFE}
		{077905C7-0162-4CA4-81BC-6863BE201030} = {45E61512-3DC7-48CC-8A7F-6C55866679C1}
		{34CD21F4-8B8E-4435-BE27-B52ACC92503C} = {7614442E-6925-4DD6-8611-8E536E2D2FFE}
	EndGlobalSection
EndGlobal
